# Auto-generated by Alya Package Manager. DO NOT EDIT.
version = 2

[[package]]
name = "vpn_client"
version = "0.1.0"
source = "path:crates/vpn_client"
entry = "crates/vpn_client/src/lib.alya"
checksum = "sha256:fa1e7befedeab7d269c6b8933a86ca43473a8cedf44ceb26ef4db4842accaa31"
dependencies = [
 "vpn_common",
]

[[package]]
name = "vpn_common"
version = "0.1.0"
source = "path:crates/vpn_common"
entry = "crates/vpn_common/src/lib.alya"
checksum = "sha256:2c084a07b9495b14f5999cbddac78a85a8193082ab261f1fafe67d37990e1b84"

[[package]]
name = "vpn_server"
version = "0.1.0"
source = "path:crates/vpn_server"
entry = "crates/vpn_server/src/lib.alya"
checksum = "sha256:b22ccff5dc5d072b7e98d2889151649c77ff36ed15260f900e8b95f3d84f1500"
dependencies = [
 "vpn_common",
]
